// !$*UTF8*$!
{
	archiveVersion = 1;
	classes = {
	};
	objectVersion = 46;
	objects = {

/* Begin PBXBuildFile section */
		2E1CD4E4163487A900EF5692 /* UIKit.framework in Frameworks */ = {isa = PBXBuildFile; fileRef = 2E1CD4E3163487A900EF5692 /* UIKit.framework */; };
		2E1CD4E6163487A900EF5692 /* Foundation.framework in Frameworks */ = {isa = PBXBuildFile; fileRef = 2E1CD4E5163487A900EF5692 /* Foundation.framework */; };
		2E1CD4E8163487A900EF5692 /* CoreGraphics.framework in Frameworks */ = {isa = PBXBuildFile; fileRef = 2E1CD4E7163487A900EF5692 /* CoreGraphics.framework */; };
		2E1CD4EE163487A900EF5692 /* InfoPlist.strings in Resources */ = {isa = PBXBuildFile; fileRef = 2E1CD4EC163487A900EF5692 /* InfoPlist.strings */; };
		2E1CD4F0163487A900EF5692 /* main.m in Sources */ = {isa = PBXBuildFile; fileRef = 2E1CD4EF163487A900EF5692 /* main.m */; };
		2E1CD4F4163487A900EF5692 /* AppDelegate.m in Sources */ = {isa = PBXBuildFile; fileRef = 2E1CD4F3163487A900EF5692 /* AppDelegate.m */; };
		2E1CD4F6163487A900EF5692 /* Default.png in Resources */ = {isa = PBXBuildFile; fileRef = 2E1CD4F5163487A900EF5692 /* Default.png */; };
		2E1CD4F8163487A900EF5692 /* Default@2x.png in Resources */ = {isa = PBXBuildFile; fileRef = 2E1CD4F7163487A900EF5692 /* Default@2x.png */; };
		2E1CD4FA163487A900EF5692 /* Default-568h@2x.png in Resources */ = {isa = PBXBuildFile; fileRef = 2E1CD4F9163487A900EF5692 /* Default-568h@2x.png */; };
		2E1CD503163489FE00EF5692 /* DPCustomTabBarController.m in Sources */ = {isa = PBXBuildFile; fileRef = 2E1CD502163489FE00EF5692 /* DPCustomTabBarController.m */; };
		2E1CD50716348A1900EF5692 /* FirstViewController.m in Sources */ = {isa = PBXBuildFile; fileRef = 2E1CD50516348A1900EF5692 /* FirstViewController.m */; };
		2E1CD50816348A1900EF5692 /* FirstViewController.xib in Resources */ = {isa = PBXBuildFile; fileRef = 2E1CD50616348A1900EF5692 /* FirstViewController.xib */; };
		2E1CD50C16348A3B00EF5692 /* SecondViewController.m in Sources */ = {isa = PBXBuildFile; fileRef = 2E1CD50A16348A3B00EF5692 /* SecondViewController.m */; };
		2E1CD50D16348A3B00EF5692 /* SecondViewController.xib in Resources */ = {isa = PBXBuildFile; fileRef = 2E1CD50B16348A3B00EF5692 /* SecondViewController.xib */; };
/* End PBXBuildFile section */

/* Begin PBXFileReference section */
		2E1CD4DF163487A900EF5692 /* DPCustomTabBarController.app */ = {isa = PBXFileReference; explicitFileType = wrapper.application; includeInIndex = 0; path = DPCustomTabBarController.app; sourceTree = BUILT_PRODUCTS_DIR; };
		2E1CD4E3163487A900EF5692 /* UIKit.framework */ = {isa = PBXFileReference; lastKnownFileType = wrapper.framework; name = UIKit.framework; path = System/Library/Frameworks/UIKit.framework; sourceTree = SDKROOT; };
		2E1CD4E5163487A900EF5692 /* Foundation.framework */ = {isa = PBXFileReference; lastKnownFileType = wrapper.framework; name = Foundation.framework; path = System/Library/Frameworks/Foundation.framework; sourceTree = SDKROOT; };
		2E1CD4E7163487A900EF5692 /* CoreGraphics.framework */ = {isa = PBXFileReference; lastKnownFileType = wrapper.framework; name = CoreGraphics.framework; path = System/Library/Frameworks/CoreGraphics.framework; sourceTree = SDKROOT; };
		2E1CD4EB163487A900EF5692 /* DPCustomTabBarController-Info.plist */ = {isa = PBXFileReference; lastKnownFileType = text.plist.xml; path = "DPCustomTabBarController-Info.plist"; sourceTree = "<group>"; };
		2E1CD4ED163487A900EF5692 /* en */ = {isa = PBXFileReference; lastKnownFileType = text.plist.strings; name = en; path = en.lproj/InfoPlist.strings; sourceTree = "<group>"; };
		2E1CD4EF163487A900EF5692 /* main.m */ = {isa = PBXFileReference; lastKnownFileType = sourcecode.c.objc; path = main.m; sourceTree = "<group>"; };
		2E1CD4F1163487A900EF5692 /* DPCustomTabBarController-Prefix.pch */ = {isa = PBXFileReference; lastKnownFileType = sourcecode.c.h; path = "DPCustomTabBarController-Prefix.pch"; sourceTree = "<group>"; };
		2E1CD4F2163487A900EF5692 /* AppDelegate.h */ = {isa = PBXFileReference; lastKnownFileType = sourcecode.c.h; path = AppDelegate.h; sourceTree = "<group>"; };
		2E1CD4F3163487A900EF5692 /* AppDelegate.m */ = {isa = PBXFileReference; lastKnownFileType = sourcecode.c.objc; path = AppDelegate.m; sourceTree = "<group>"; };
		2E1CD4F5163487A900EF5692 /* Default.png */ = {isa = PBXFileReference; lastKnownFileType = image.png; path = Default.png; sourceTree = "<group>"; };
		2E1CD4F7163487A900EF5692 /* Default@2x.png */ = {isa = PBXFileReference; lastKnownFileType = image.png; path = "Default@2x.png"; sourceTree = "<group>"; };
		2E1CD4F9163487A900EF5692 /* Default-568h@2x.png */ = {isa = PBXFileReference; lastKnownFileType = image.png; path = "Default-568h@2x.png"; sourceTree = "<group>"; };
		2E1CD501163489FE00EF5692 /* DPCustomTabBarController.h */ = {isa = PBXFileReference; fileEncoding = 4; lastKnownFileType = sourcecode.c.h; path = DPCustomTabBarController.h; sourceTree = "<group>"; };
		2E1CD502163489FE00EF5692 /* DPCustomTabBarController.m */ = {isa = PBXFileReference; fileEncoding = 4; lastKnownFileType = sourcecode.c.objc; path = DPCustomTabBarController.m; sourceTree = "<group>"; };
		2E1CD50416348A1900EF5692 /* FirstViewController.h */ = {isa = PBXFileReference; fileEncoding = 4; lastKnownFileType = sourcecode.c.h; path = FirstViewController.h; sourceTree = "<group>"; };
		2E1CD50516348A1900EF5692 /* FirstViewController.m */ = {isa = PBXFileReference; fileEncoding = 4; lastKnownFileType = sourcecode.c.objc; path = FirstViewController.m; sourceTree = "<group>"; };
		2E1CD50616348A1900EF5692 /* FirstViewController.xib */ = {isa = PBXFileReference; fileEncoding = 4; lastKnownFileType = file.xib; path = FirstViewController.xib; sourceTree = "<group>"; };
		2E1CD50916348A3B00EF5692 /* SecondViewController.h */ = {isa = PBXFileReference; fileEncoding = 4; lastKnownFileType = sourcecode.c.h; path = SecondViewController.h; sourceTree = "<group>"; };
		2E1CD50A16348A3B00EF5692 /* SecondViewController.m */ = {isa = PBXFileReference; fileEncoding = 4; lastKnownFileType = sourcecode.c.objc; path = SecondViewController.m; sourceTree = "<group>"; };
		2E1CD50B16348A3B00EF5692 /* SecondViewController.xib */ = {isa = PBXFileReference; fileEncoding = 4; lastKnownFileType = file.xib; path = SecondViewController.xib; sourceTree = "<group>"; };
/* End PBXFileReference section */

/* Begin PBXFrameworksBuildPhase section */
		2E1CD4DC163487A900EF5692 /* Frameworks */ = {
			isa = PBXFrameworksBuildPhase;
			buildActionMask = 2147483647;
			files = (
				2E1CD4E4163487A900EF5692 /* UIKit.framework in Frameworks */,
				2E1CD4E6163487A900EF5692 /* Foundation.framework in Frameworks */,
				2E1CD4E8163487A900EF5692 /* CoreGraphics.framework in Frameworks */,
			);
			runOnlyForDeploymentPostprocessing = 0;
		};
/* End PBXFrameworksBuildPhase section */

/* Begin PBXGroup section */
		2E1CD4D4163487A900EF5692 = {
			isa = PBXGroup;
			children = (
				2E1CD4E9163487A900EF5692 /* DPCustomTabBarController */,
				2E1CD4E2163487A900EF5692 /* Frameworks */,
				2E1CD4E0163487A900EF5692 /* Products */,
			);
			sourceTree = "<group>";
		};
		2E1CD4E0163487A900EF5692 /* Products */ = {
			isa = PBXGroup;
			children = (
				2E1CD4DF163487A900EF5692 /* DPCustomTabBarController.app */,
			);
			name = Products;
			sourceTree = "<group>";
		};
		2E1CD4E2163487A900EF5692 /* Frameworks */ = {
			isa = PBXGroup;
			children = (
				2E1CD4E3163487A900EF5692 /* UIKit.framework */,
				2E1CD4E5163487A900EF5692 /* Foundation.framework */,
				2E1CD4E7163487A900EF5692 /* CoreGraphics.framework */,
			);
			name = Frameworks;
			sourceTree = "<group>";
		};
		2E1CD4E9163487A900EF5692 /* DPCustomTabBarController */ = {
			isa = PBXGroup;
			children = (
				2E1CD4F2163487A900EF5692 /* AppDelegate.h */,
				2E1CD4F3163487A900EF5692 /* AppDelegate.m */,
				2E1CD50416348A1900EF5692 /* FirstViewController.h */,
				2E1CD50516348A1900EF5692 /* FirstViewController.m */,
				2E1CD50616348A1900EF5692 /* FirstViewController.xib */,
				2E1CD50916348A3B00EF5692 /* SecondViewController.h */,
				2E1CD50A16348A3B00EF5692 /* SecondViewController.m */,
				2E1CD50B16348A3B00EF5692 /* SecondViewController.xib */,
				2E1CD500163489CB00EF5692 /* DPCustomTabBarController */,
				2E1CD4EA163487A900EF5692 /* Supporting Files */,
			);
			path = DPCustomTabBarController;
			sourceTree = "<group>";
		};
		2E1CD4EA163487A900EF5692 /* Supporting Files */ = {
			isa = PBXGroup;
			children = (
				2E1CD4EB163487A900EF5692 /* DPCustomTabBarController-Info.plist */,
				2E1CD4EC163487A900EF5692 /* InfoPlist.strings */,
				2E1CD4EF163487A900EF5692 /* main.m */,
				2E1CD4F1163487A900EF5692 /* DPCustomTabBarController-Prefix.pch */,
				2E1CD4F5163487A900EF5692 /* Default.png */,
				2E1CD4F7163487A900EF5692 /* Default@2x.png */,
				2E1CD4F9163487A900EF5692 /* Default-568h@2x.png */,
			);
			name = "Supporting Files";
			sourceTree = "<group>";
		};
		2E1CD500163489CB00EF5692 /* DPCustomTabBarController */ = {
			isa = PBXGroup;
			children = (
				2E1CD501163489FE00EF5692 /* DPCustomTabBarController.h */,
				2E1CD502163489FE00EF5692 /* DPCustomTabBarController.m */,
			);
			path = DPCustomTabBarController;
			sourceTree = "<group>";
		};
/* End PBXGroup section */

/* Begin PBXNativeTarget section */
		2E1CD4DE163487A900EF5692 /* DPCustomTabBarController */ = {
			isa = PBXNativeTarget;
			buildConfigurationList = 2E1CD4FD163487A900EF5692 /* Build configuration list for PBXNativeTarget "DPCustomTabBarController" */;
			buildPhases = (
				2E1CD4DB163487A900EF5692 /* Sources */,
				2E1CD4DC163487A900EF5692 /* Frameworks */,
				2E1CD4DD163487A900EF5692 /* Resources */,
			);
			buildRules = (
			);
			dependencies = (
			);
			name = DPCustomTabBarController;
			productName = DPCustomTabBarController;
			productReference = 2E1CD4DF163487A900EF5692 /* DPCustomTabBarController.app */;
			productType = "com.apple.product-type.application";
		};
/* End PBXNativeTarget section */

/* Begin PBXProject section */
		2E1CD4D6163487A900EF5692 /* Project object */ = {
			isa = PBXProject;
			attributes = {
				LastUpgradeCheck = 0450;
				ORGANIZATIONNAME = "Kostas Antonopoulos";
			};
			buildConfigurationList = 2E1CD4D9163487A900EF5692 /* Build configuration list for PBXProject "DPCustomTabBarController" */;
			compatibilityVersion = "Xcode 3.2";
			developmentRegion = English;
			hasScannedForEncodings = 0;
			knownRegions = (
				en,
			);
			mainGroup = 2E1CD4D4163487A900EF5692;
			productRefGroup = 2E1CD4E0163487A900EF5692 /* Products */;
			projectDirPath = "";
			projectRoot = "";
			targets = (
				2E1CD4DE163487A900EF5692 /* DPCustomTabBarController */,
			);
		};
/* End PBXProject section */

/* Begin PBXResourcesBuildPhase section */
		2E1CD4DD163487A900EF5692 /* Resources */ = {
			isa = PBXResourcesBuildPhase;
			buildActionMask = 2147483647;
			files = (
				2E1CD4EE163487A900EF5692 /* InfoPlist.strings in Resources */,
				2E1CD4F6163487A900EF5692 /* Default.png in Resources */,
				2E1CD4F8163487A900EF5692 /* Default@2x.png in Resources */,
				2E1CD4FA163487A900EF5692 /* Default-568h@2x.png in Resources */,
				2E1CD50816348A1900EF5692 /* FirstViewController.xib in Resources */,
				2E1CD50D16348A3B00EF5692 /* SecondViewController.xib in Resources */,
			);
			runOnlyForDeploymentPostprocessing = 0;
		};
/* End PBXResourcesBuildPhase section */

/* Begin PBXSourcesBuildPhase section */
		2E1CD4DB163487A900EF5692 /* Sources */ = {
			isa = PBXSourcesBuildPhase;
			buildActionMask = 2147483647;
			files = (
				2E1CD4F0163487A900EF5692 /* main.m in Sources */,
				2E1CD4F4163487A900EF5692 /* AppDelegate.m in Sources */,
				2E1CD503163489FE00EF5692 /* DPCustomTabBarController.m in Sources */,
				2E1CD50716348A1900EF5692 /* FirstViewController.m in Sources */,
				2E1CD50C16348A3B00EF5692 /* SecondViewController.m in Sources */,
			);
			runOnlyForDeploymentPostprocessing = 0;
		};
/* End PBXSourcesBuildPhase section */

/* Begin PBXVariantGroup section */
		2E1CD4EC163487A900EF5692 /* InfoPlist.strings */ = {
			isa = PBXVariantGroup;
			children = (
				2E1CD4ED163487A900EF5692 /* en */,
			);
			name = InfoPlist.strings;
			sourceTree = "<group>";
		};
/* End PBXVariantGroup section */

/* Begin XCBuildConfiguration section */
		2E1CD4FB163487A900EF5692 /* Debug */ = {
			isa = XCBuildConfiguration;
			buildSettings = {
				ALWAYS_SEARCH_USER_PATHS = NO;
				CLANG_CXX_LANGUAGE_STANDARD = "gnu++0x";
				CLANG_CXX_LIBRARY = "libc++";
				CLANG_ENABLE_OBJC_ARC = YES;
				CLANG_WARN_EMPTY_BODY = YES;
				CLANG_WARN__DUPLICATE_METHOD_MATCH = YES;
				"CODE_SIGN_IDENTITY[sdk=iphoneos*]" = "iPhone Developer";
				COPY_PHASE_STRIP = NO;
				GCC_C_LANGUAGE_STANDARD = gnu99;
				GCC_DYNAMIC_NO_PIC = NO;
				GCC_OPTIMIZATION_LEVEL = 0;
				GCC_PREPROCESSOR_DEFINITIONS = (
					"DEBUG=1",
					"$(inherited)",
				);
				GCC_SYMBOLS_PRIVATE_EXTERN = NO;
				GCC_WARN_ABOUT_RETURN_TYPE = YES;
				GCC_WARN_UNINITIALIZED_AUTOS = YES;
				GCC_WARN_UNUSED_VARIABLE = YES;
				IPHONEOS_DEPLOYMENT_TARGET = 6.0;
				ONLY_ACTIVE_ARCH = YES;
				SDKROOT = iphoneos;
			};
			name = Debug;
		};
		2E1CD4FC163487A900EF5692 /* Release */ = {
			isa = XCBuildConfiguration;
			buildSettings = {
				ALWAYS_SEARCH_USER_PATHS = NO;
				CLANG_CXX_LANGUAGE_STANDARD = "gnu++0x";
				CLANG_CXX_LIBRARY = "libc++";
				CLANG_ENABLE_OBJC_ARC = YES;
				CLANG_WARN_EMPTY_BODY = YES;
				CLANG_WARN__DUPLICATE_METHOD_MATCH = YES;
				"CODE_SIGN_IDENTITY[sdk=iphoneos*]" = "iPhone Developer";
				COPY_PHASE_STRIP = YES;
				GCC_C_LANGUAGE_STANDARD = gnu99;
				GCC_WARN_ABOUT_RETURN_TYPE = YES;
				GCC_WARN_UNINITIALIZED_AUTOS = YES;
				GCC_WARN_UNUSED_VARIABLE = YES;
				IPHONEOS_DEPLOYMENT_TARGET = 6.0;
				OTHER_CFLAGS = "-DNS_BLOCK_ASSERTIONS=1";
				SDKROOT = iphoneos;
				VALIDATE_PRODUCT = YES;
			};
			name = Release;
		};
		2E1CD4FE163487A900EF5692 /* Debug */ = {
			isa = XCBuildConfiguration;
			buildSettings = {
				GCC_PRECOMPILE_PREFIX_HEADER = YES;
				GCC_PREFIX_HEADER = "DPCustomTabBarController/DPCustomTabBarController-Prefix.pch";
				INFOPLIST_FILE = "DPCustomTabBarController/DPCustomTabBarController-Info.plist";
				PRODUCT_NAME = "$(TARGET_NAME)";
				WRAPPER_EXTENSION = app;
			};
			name = Debug;
		};
		2E1CD4FF163487A900EF5692 /* Release */ = {
			isa = XCBuildConfiguration;
			buildSettings = {
				GCC_PRECOMPILE_PREFIX_HEADER = YES;
				GCC_PREFIX_HEADER = "DPCustomTabBarController/DPCustomTabBarController-Prefix.pch";
				INFOPLIST_FILE = "DPCustomTabBarController/DPCustomTabBarController-Info.plist";
				PRODUCT_NAME = "$(TARGET_NAME)";
				WRAPPER_EXTENSION = app;
			};
			name = Release;
		};
/* End XCBuildConfiguration section */

/* Begin XCConfigurationList section */
		2E1CD4D9163487A900EF5692 /* Build configuration list for PBXProject "DPCustomTabBarController" */ = {
			isa = XCConfigurationList;
			buildConfigurations = (
				2E1CD4FB163487A900EF5692 /* Debug */,
				2E1CD4FC163487A900EF5692 /* Release */,
			);
			defaultConfigurationIsVisible = 0;
			defaultConfigurationName = Release;
		};
		2E1CD4FD163487A900EF5692 /* Build configuration list for PBXNativeTarget "DPCustomTabBarController" */ = {
			isa = XCConfigurationList;
			buildConfigurations = (
				2E1CD4FE163487A900EF5692 /* Debug */,
				2E1CD4FF163487A900EF5692 /* Release */,
			);
			defaultConfigurationIsVisible = 0;
		};
/* End XCConfigurationList section */
	};
	rootObject = 2E1CD4D6163487A900EF5692 /* Project object */;
}
